Microsoft Visual Studio Solution File, Format Version 12.00
# Visual Studio Version 17
VisualStudioVersion = 17.5.2.0
MinimumVisualStudioVersion = 10.0.40219.1
Project("{FAE04EC0-301F-11D3-BF4B-00C04F79EFBC}") = "FloreriaAPI-ASP.NET", "FloreriaAPI-ASP.NET.csproj", "{5B3B03C6-8AAB-30CE-8C76-A213904A6206}"
EndProject
Global
	GlobalSection(SolutionConfigurationPlatforms) = preSolution
		Debug|Any CPU = Debug|Any CPU
		Release|Any CPU = Release|Any CPU
	EndGlobalSection
	GlobalSection(ProjectConfigurationPlatforms) = postSolution
		{5B3B03C6-8AAB-30CE-8C76-A213904A6206}.Debug|Any CPU.ActiveCfg = Debug|Any CPU
		{5B3B03C6-8AAB-30CE-8C76-A213904A6206}.Debug|Any CPU.Build.0 = Debug|Any CPU
		{5B3B03C6-8AAB-30CE-8C76-A213904A6206}.Release|Any CPU.ActiveCfg = Release|Any CPU
		{5B3B03C6-8AAB-30CE-8C76-A213904A6206}.Release|Any CPU.Build.0 = Release|Any CPU
	EndGlobalSection
	GlobalSection(SolutionProperties) = preSolution
		HideSolutionNode = FALSE
	EndGlobalSection
	GlobalSection(ExtensibilityGlobals) = postSolution
		SolutionGuid = {CB5EF2EC-87B0-459F-A592-182EAC8A29F3}
	EndGlobalSection
EndGlobal
